// !$*UTF8*$!
{
	archiveVersion = 1;
	classes = {
	};
	objectVersion = 46;
	objects = {

/* Begin PBXBuildFile section */
		A84701501B861FBD009C791E /* main.m in Sources */ = {isa = PBXBuildFile; fileRef = A847014F1B861FBD009C791E /* main.m */; };
		A84701531B861FBD009C791E /* AppDelegate.m in Sources */ = {isa = PBXBuildFile; fileRef = A84701521B861FBD009C791E /* AppDelegate.m */; };
		A84701561B861FBD009C791E /* ViewController.m in Sources */ = {isa = PBXBuildFile; fileRef = A84701551B861FBD009C791E /* ViewController.m */; };
		A84701591B861FBD009C791E /* Main.storyboard in Resources */ = {isa = PBXBuildFile; fileRef = A84701571B861FBD009C791E /* Main.storyboard */; };
		A847015B1B861FBD009C791E /* Images.xcassets in Resources */ = {isa = PBXBuildFile; fileRef = A847015A1B861FBD009C791E /* Images.xcassets */; };
		A847015E1B861FBD009C791E /* LaunchScreen.xib in Resources */ = {isa = PBXBuildFile; fileRef = A847015C1B861FBD009C791E /* LaunchScreen.xib */; };
		A847016A1B861FBD009C791E /* SimpleTableTests.m in Sources */ = {isa = PBXBuildFile; fileRef = A84701691B861FBD009C791E /* SimpleTableTests.m */; };
/* End PBXBuildFile section */

/* Begin PBXContainerItemProxy section */
		A84701641B861FBD009C791E /* PBXContainerItemProxy */ = {
			isa = PBXContainerItemProxy;
			containerPortal = A84701421B861FBD009C791E /* Project object */;
			proxyType = 1;
			remoteGlobalIDString = A84701491B861FBD009C791E;
			remoteInfo = SimpleTable;
		};
/* End PBXContainerItemProxy section */

/* Begin PBXFileReference section */
		A847014A1B861FBD009C791E /* SimpleTable.app */ = {isa = PBXFileReference; explicitFileType = wrapper.application; includeInIndex = 0; path = SimpleTable.app; sourceTree = BUILT_PRODUCTS_DIR; };
		A847014E1B861FBD009C791E /* Info.plist */ = {isa = PBXFileReference; lastKnownFileType = text.plist.xml; path = Info.plist; sourceTree = "<group>"; };
		A847014F1B861FBD009C791E /* main.m */ = {isa = PBXFileReference; lastKnownFileType = sourcecode.c.objc; path = main.m; sourceTree = "<group>"; };
		A84701511B861FBD009C791E /* AppDelegate.h */ = {isa = PBXFileReference; lastKnownFileType = sourcecode.c.h; path = AppDelegate.h; sourceTree = "<group>"; };
		A84701521B861FBD009C791E /* AppDelegate.m */ = {isa = PBXFileReference; lastKnownFileType = sourcecode.c.objc; path = AppDelegate.m; sourceTree = "<group>"; };
		A84701541B861FBD009C791E /* ViewController.h */ = {isa = PBXFileReference; lastKnownFileType = sourcecode.c.h; path = ViewController.h; sourceTree = "<group>"; };
		A84701551B861FBD009C791E /* ViewController.m */ = {isa = PBXFileReference; lastKnownFileType = sourcecode.c.objc; path = ViewController.m; sourceTree = "<group>"; };
		A84701581B861FBD009C791E /* Base */ = {isa = PBXFileReference; lastKnownFileType = file.storyboard; name = Base; path = Base.lproj/Main.storyboard; sourceTree = "<group>"; };
		A847015A1B861FBD009C791E /* Images.xcassets */ = {isa = PBXFileReference; lastKnownFileType = folder.assetcatalog; path = Images.xcassets; sourceTree = "<group>"; };
		A847015D1B861FBD009C791E /* Base */ = {isa = PBXFileReference; lastKnownFileType = file.xib; name = Base; path = Base.lproj/LaunchScreen.xib; sourceTree = "<group>"; };
		A84701631B861FBD009C791E /* SimpleTableTests.xctest */ = {isa = PBXFileReference; explicitFileType = wrapper.cfbundle; includeInIndex = 0; path = SimpleTableTests.xctest; sourceTree = BUILT_PRODUCTS_DIR; };
		A84701681B861FBD009C791E /* Info.plist */ = {isa = PBXFileReference; lastKnownFileType = text.plist.xml; path = Info.plist; sourceTree = "<group>"; };
		A84701691B861FBD009C791E /* SimpleTableTests.m */ = {isa = PBXFileReference; lastKnownFileType = sourcecode.c.objc; path = SimpleTableTests.m; sourceTree = "<group>"; };
/* End PBXFileReference section */

/* Begin PBXFrameworksBuildPhase section */
		A84701471B861FBD009C791E /* Frameworks */ = {
			isa = PBXFrameworksBuildPhase;
			buildActionMask = 2147483647;
			files = (
			);
			runOnlyForDeploymentPostprocessing = 0;
		};
		A84701601B861FBD009C791E /* Frameworks */ = {
			isa = PBXFrameworksBuildPhase;
			buildActionMask = 2147483647;
			files = (
			);
			runOnlyForDeploymentPostprocessing = 0;
		};
/* End PBXFrameworksBuildPhase section */

/* Begin PBXGroup section */
		A84701411B861FBD009C791E = {
			isa = PBXGroup;
			children = (
				A847014C1B861FBD009C791E /* SimpleTable */,
				A84701661B861FBD009C791E /* SimpleTableTests */,
				A847014B1B861FBD009C791E /* Products */,
			);
			sourceTree = "<group>";
		};
		A847014B1B861FBD009C791E /* Products */ = {
			isa = PBXGroup;
			children = (
				A847014A1B861FBD009C791E /* SimpleTable.app */,
				A84701631B861FBD009C791E /* SimpleTableTests.xctest */,
			);
			name = Products;
			sourceTree = "<group>";
		};
		A847014C1B861FBD009C791E /* SimpleTable */ = {
			isa = PBXGroup;
			children = (
				A84701511B861FBD009C791E /* AppDelegate.h */,
				A84701521B861FBD009C791E /* AppDelegate.m */,
				A84701541B861FBD009C791E /* ViewController.h */,
				A84701551B861FBD009C791E /* ViewController.m */,
				A84701571B861FBD009C791E /* Main.storyboard */,
				A847015A1B861FBD009C791E /* Images.xcassets */,
				A847015C1B861FBD009C791E /* LaunchScreen.xib */,
				A847014D1B861FBD009C791E /* Supporting Files */,
			);
			path = SimpleTable;
			sourceTree = "<group>";
		};
		A847014D1B861FBD009C791E /* Supporting Files */ = {
			isa = PBXGroup;
			children = (
				A847014E1B861FBD009C791E /* Info.plist */,
				A847014F1B861FBD009C791E /* main.m */,
			);
			name = "Supporting Files";
			sourceTree = "<group>";
		};
		A84701661B861FBD009C791E /* SimpleTableTests */ = {
			isa = PBXGroup;
			children = (
				A84701691B861FBD009C791E /* SimpleTableTests.m */,
				A84701671B861FBD009C791E /* Supporting Files */,
			);
			path = SimpleTableTests;
			sourceTree = "<group>";
		};
		A84701671B861FBD009C791E /* Supporting Files */ = {
			isa = PBXGroup;
			children = (
				A84701681B861FBD009C791E /* Info.plist */,
			);
			name = "Supporting Files";
			sourceTree = "<group>";
		};
/* End PBXGroup section */

/* Begin PBXNativeTarget section */
		A84701491B861FBD009C791E /* SimpleTable */ = {
			isa = PBXNativeTarget;
			buildConfigurationList = A847016D1B861FBD009C791E /* Build configuration list for PBXNativeTarget "SimpleTable" */;
			buildPhases = (
				A84701461B861FBD009C791E /* Sources */,
				A84701471B861FBD009C791E /* Frameworks */,
				A84701481B861FBD009C791E /* Resources */,
			);
			buildRules = (
			);
			dependencies = (
			);
			name = SimpleTable;
			productName = SimpleTable;
			productReference = A847014A1B861FBD009C791E /* SimpleTable.app */;
			productType = "com.apple.product-type.application";
		};
		A84701621B861FBD009C791E /* SimpleTableTests */ = {
			isa = PBXNativeTarget;
			buildConfigurationList = A84701701B861FBD009C791E /* Build configuration list for PBXNativeTarget "SimpleTableTests" */;
			buildPhases = (
				A847015F1B861FBD009C791E /* Sources */,
				A84701601B861FBD009C791E /* Frameworks */,
				A84701611B861FBD009C791E /* Resources */,
			);
			buildRules = (
			);
			dependencies = (
				A84701651B861FBD009C791E /* PBXTargetDependency */,
			);
			name = SimpleTableTests;
			productName = SimpleTableTests;
			productReference = A84701631B861FBD009C791E /* SimpleTableTests.xctest */;
			productType = "com.apple.product-type.bundle.unit-test";
		};
/* End PBXNativeTarget section */

/* Begin PBXProject section */
		A84701421B861FBD009C791E /* Project object */ = {
			isa = PBXProject;
			attributes = {
				LastUpgradeCheck = 0640;
				ORGANIZATIONNAME = Grandiose;
				TargetAttributes = {
					A84701491B861FBD009C791E = {
						CreatedOnToolsVersion = 6.4;
					};
					A84701621B861FBD009C791E = {
						CreatedOnToolsVersion = 6.4;
						TestTargetID = A84701491B861FBD009C791E;
					};
				};
			};
			buildConfigurationList = A84701451B861FBD009C791E /* Build configuration list for PBXProject "SimpleTable" */;
			compatibilityVersion = "Xcode 3.2";
			developmentRegion = English;
			hasScannedForEncodings = 0;
			knownRegions = (
				en,
				Base,
			);
			mainGroup = A84701411B861FBD009C791E;
			productRefGroup = A847014B1B861FBD009C791E /* Products */;
			projectDirPath = "";
			projectRoot = "";
			targets = (
				A84701491B861FBD009C791E /* SimpleTable */,
				A84701621B861FBD009C791E /* SimpleTableTests */,
			);
		};
/* End PBXProject section */

/* Begin PBXResourcesBuildPhase section */
		A84701481B861FBD009C791E /* Resources */ = {
			isa = PBXResourcesBuildPhase;
			buildActionMask = 2147483647;
			files = (
				A84701591B861FBD009C791E /* Main.storyboard in Resources */,
				A847015E1B861FBD009C791E /* LaunchScreen.xib in Resources */,
				A847015B1B861FBD009C791E /* Images.xcassets in Resources */,
			);
			runOnlyForDeploymentPostprocessing = 0;
		};
		A84701611B861FBD009C791E /* Resources */ = {
			isa = PBXResourcesBuildPhase;
			buildActionMask = 2147483647;
			files = (
			);
			runOnlyForDeploymentPostprocessing = 0;
		};
/* End PBXResourcesBuildPhase section */

/* Begin PBXSourcesBuildPhase section */
		A84701461B861FBD009C791E /* Sources */ = {
			isa = PBXSourcesBuildPhase;
			buildActionMask = 2147483647;
			files = (
				A84701561B861FBD009C791E /* ViewController.m in Sources */,
				A84701531B861FBD009C791E /* AppDelegate.m in Sources */,
				A84701501B861FBD009C791E /* main.m in Sources */,
			);
			runOnlyForDeploymentPostprocessing = 0;
		};
		A847015F1B861FBD009C791E /* Sources */ = {
			isa = PBXSourcesBuildPhase;
			buildActionMask = 2147483647;
			files = (
				A847016A1B861FBD009C791E /* SimpleTableTests.m in Sources */,
			);
			runOnlyForDeploymentPostprocessing = 0;
		};
/* End PBXSourcesBuildPhase section */

/* Begin PBXTargetDependency section */
		A84701651B861FBD009C791E /* PBXTargetDependency */ = {
			isa = PBXTargetDependency;
			target = A84701491B861FBD009C791E /* SimpleTable */;
			targetProxy = A84701641B861FBD009C791E /* PBXContainerItemProxy */;
		};
/* End PBXTargetDependency section */

/* Begin PBXVariantGroup section */
		A84701571B861FBD009C791E /* Main.storyboard */ = {
			isa = PBXVariantGroup;
			children = (
				A84701581B861FBD009C791E /* Base */,
			);
			name = Main.storyboard;
			sourceTree = "<group>";
		};
		A847015C1B861FBD009C791E /* LaunchScreen.xib */ = {
			isa = PBXVariantGroup;
			children = (
				A847015D1B861FBD009C791E /* Base */,
			);
			name = LaunchScreen.xib;
			sourceTree = "<group>";
		};
/* End PBXVariantGroup section */

/* Begin XCBuildConfiguration section */
		A847016B1B861FBD009C791E /* Debug */ = {
			isa = XCBuildConfiguration;
			buildSettings = {
				ALWAYS_SEARCH_USER_PATHS = NO;
				CLANG_CXX_LANGUAGE_STANDARD = "gnu++0x";
				CLANG_CXX_LIBRARY = "libc++";
				CLANG_ENABLE_MODULES = YES;
				CLANG_ENABLE_OBJC_ARC = YES;
				CLANG_WARN_BOOL_CONVERSION = YES;
				CLANG_WARN_CONSTANT_CONVERSION = YES;
				CLANG_WARN_DIRECT_OBJC_ISA_USAGE = YES_ERROR;
				CLANG_WARN_EMPTY_BODY = YES;
				CLANG_WARN_ENUM_CONVERSION = YES;
				CLANG_WARN_INT_CONVERSION = YES;
				CLANG_WARN_OBJC_ROOT_CLASS = YES_ERROR;
				CLANG_WARN_UNREACHABLE_CODE = YES;
				CLANG_WARN__DUPLICATE_METHOD_MATCH = YES;
				"CODE_SIGN_IDENTITY[sdk=iphoneos*]" = "iPhone Developer";
				COPY_PHASE_STRIP = NO;
				DEBUG_INFORMATION_FORMAT = "dwarf-with-dsym";
				ENABLE_STRICT_OBJC_MSGSEND = YES;
				GCC_C_LANGUAGE_STANDARD = gnu99;
				GCC_DYNAMIC_NO_PIC = NO;
				GCC_NO_COMMON_BLOCKS = YES;
				GCC_OPTIMIZATION_LEVEL = 0;
				GCC_PREPROCESSOR_DEFINITIONS = (
					"DEBUG=1",
					"$(inherited)",
				);
				GCC_SYMBOLS_PRIVATE_EXTERN = NO;
				GCC_WARN_64_TO_32_BIT_CONVERSION = YES;
				GCC_WARN_ABOUT_RETURN_TYPE = YES_ERROR;
				GCC_WARN_UNDECLARED_SELECTOR = YES;
				GCC_WARN_UNINITIALIZED_AUTOS = YES_AGGRESSIVE;
				GCC_WARN_UNUSED_FUNCTION = YES;
				GCC_WARN_UNUSED_VARIABLE = YES;
				IPHONEOS_DEPLOYMENT_TARGET = 8.4;
				MTL_ENABLE_DEBUG_INFO = YES;
				ONLY_ACTIVE_ARCH = YES;
				SDKROOT = iphoneos;
			};
			name = Debug;
		};
		A847016C1B861FBD009C791E /* Release */ = {
			isa = XCBuildConfiguration;
			buildSettings = {
				ALWAYS_SEARCH_USER_PATHS = NO;
				CLANG_CXX_LANGUAGE_STANDARD = "gnu++0x";
				CLANG_CXX_LIBRARY = "libc++";
				CLANG_ENABLE_MODULES = YES;
				CLANG_ENABLE_OBJC_ARC = YES;
				CLANG_WARN_BOOL_CONVERSION = YES;
				CLANG_WARN_CONSTANT_CONVERSION = YES;
				CLANG_WARN_DIRECT_OBJC_ISA_USAGE = YES_ERROR;
				CLANG_WARN_EMPTY_BODY = YES;
				CLANG_WARN_ENUM_CONVERSION = YES;
				CLANG_WARN_INT_CONVERSION = YES;
				CLANG_WARN_OBJC_ROOT_CLASS = YES_ERROR;
				CLANG_WARN_UNREACHABLE_CODE = YES;
				CLANG_WARN__DUPLICATE_METHOD_MATCH = YES;
				"CODE_SIGN_IDENTITY[sdk=iphoneos*]" = "iPhone Developer";
				COPY_PHASE_STRIP = NO;
				DEBUG_INFORMATION_FORMAT = "dwarf-with-dsym";
				ENABLE_NS_ASSERTIONS = NO;
				ENABLE_STRICT_OBJC_MSGSEND = YES;
				GCC_C_LANGUAGE_STANDARD = gnu99;
				GCC_NO_COMMON_BLOCKS = YES;
				GCC_WARN_64_TO_32_BIT_CONVERSION = YES;
				GCC_WARN_ABOUT_RETURN_TYPE = YES_ERROR;
				GCC_WARN_UNDECLARED_SELECTOR = YES;
				GCC_WARN_UNINITIALIZED_AUTOS = YES_AGGRESSIVE;
				GCC_WARN_UNUSED_FUNCTION = YES;
				GCC_WARN_UNUSED_VARIABLE = YES;
				IPHONEOS_DEPLOYMENT_TARGET = 8.4;
				MTL_ENABLE_DEBUG_INFO = NO;
				SDKROOT = iphoneos;
				VALIDATE_PRODUCT = YES;
			};
			name = Release;
		};
		A847016E1B861FBD009C791E /* Debug */ = {
			isa = XCBuildConfiguration;
			buildSettings = {
				ASSETCATALOG_COMPILER_APPICON_NAME = AppIcon;
				INFOPLIST_FILE = SimpleTable/Info.plist;
				LD_RUNPATH_SEARCH_PATHS = "$(inherited) @executable_path/Frameworks";
				PRODUCT_NAME = "$(TARGET_NAME)";
			};
			name = Debug;
		};
		A847016F1B861FBD009C791E /* Release */ = {
			isa = XCBuildConfiguration;
			buildSettings = {
				ASSETCATALOG_COMPILER_APPICON_NAME = AppIcon;
				INFOPLIST_FILE = SimpleTable/Info.plist;
				LD_RUNPATH_SEARCH_PATHS = "$(inherited) @executable_path/Frameworks";
				PRODUCT_NAME = "$(TARGET_NAME)";
			};
			name = Release;
		};
		A84701711B861FBD009C791E /* Debug */ = {
			isa = XCBuildConfiguration;
			buildSettings = {
				BUNDLE_LOADER = "$(TEST_HOST)";
				FRAMEWORK_SEARCH_PATHS = (
					"$(SDKROOT)/Developer/Library/Frameworks",
					"$(inherited)",
				);
				GCC_PREPROCESSOR_DEFINITIONS = (
					"DEBUG=1",
					"$(inherited)",
				);
				INFOPLIST_FILE = SimpleTableTests/Info.plist;
				LD_RUNPATH_SEARCH_PATHS = "$(inherited) @executable_path/Frameworks @loader_path/Frameworks";
				PRODUCT_NAME = "$(TARGET_NAME)";
				TEST_HOST = "$(BUILT_PRODUCTS_DIR)/SimpleTable.app/SimpleTable";
			};
			name = Debug;
		};
		A84701721B861FBD009C791E /* Release */ = {
			isa = XCBuildConfiguration;
			buildSettings = {
				BUNDLE_LOADER = "$(TEST_HOST)";
				FRAMEWORK_SEARCH_PATHS = (
					"$(SDKROOT)/Developer/Library/Frameworks",
					"$(inherited)",
				);
				INFOPLIST_FILE = SimpleTableTests/Info.plist;
				LD_RUNPATH_SEARCH_PATHS = "$(inherited) @executable_path/Frameworks @loader_path/Frameworks";
				PRODUCT_NAME = "$(TARGET_NAME)";
				TEST_HOST = "$(BUILT_PRODUCTS_DIR)/SimpleTable.app/SimpleTable";
			};
			name = Release;
		};
/* End XCBuildConfiguration section */

/* Begin XCConfigurationList section */
		A84701451B861FBD009C791E /* Build configuration list for PBXProject "SimpleTable" */ = {
			isa = XCConfigurationList;
			buildConfigurations = (
				A847016B1B861FBD009C791E /* Debug */,
				A847016C1B861FBD009C791E /* Release */,
			);
			defaultConfigurationIsVisible = 0;
			defaultConfigurationName = Release;
		};
		A847016D1B861FBD009C791E /* Build configuration list for PBXNativeTarget "SimpleTable" */ = {
			isa = XCConfigurationList;
			buildConfigurations = (
				A847016E1B861FBD009C791E /* Debug */,
				A847016F1B861FBD009C791E /* Release */,
			);
			defaultConfigurationIsVisible = 0;
		};
		A84701701B861FBD009C791E /* Build configuration list for PBXNativeTarget "SimpleTableTests" */ = {
			isa = XCConfigurationList;
			buildConfigurations = (
				A84701711B861FBD009C791E /* Debug */,
				A84701721B861FBD009C791E /* Release */,
			);
			defaultConfigurationIsVisible = 0;
		};
/* End XCConfigurationList section */
	};
	rootObject = A84701421B861FBD009C791E /* Project object */;
}
